
Microsoft Visual Studio Solution File, Format Version 12.00
# Visual Studio Version 16
VisualStudioVersion = 16.0.28803.352
MinimumVisualStudioVersion = 10.0.40219.1
Project("{9A19103F-16F7-4668-BE54-9A1E7A4F7556}") = "UW.Web", "UW.Web\UW.Web.csproj", "{FFE9E781-E792-46DC-9649-5D16008FB2A3}"
EndProject
Project("{9A19103F-16F7-4668-BE54-9A1E7A4F7556}") = "UW.API", "UW.API\UW.API.csproj", "{A3AC5BBF-C5B8-4118-A8DA-5965351F311B}"
EndProject
Project("{9A19103F-16F7-4668-BE54-9A1E7A4F7556}") = "UW.BusinessLogic", "UW.BusinessLogic\UW.BusinessLogic.csproj", "{ED78730C-58E4-44F8-8AE3-8B32B6E1413F}"
EndProject
Project("{9A19103F-16F7-4668-BE54-9A1E7A4F7556}") = "UW.DataAccess", "UW.DataAccess\UW.DataAccess.csproj", "{7076FD3A-E76B-4141-9B8C-69C6EA09028B}"
EndProject
Project("{9A19103F-16F7-4668-BE54-9A1E7A4F7556}") = "UW.AuthAPI", "UW.AuthAPI\UW.AuthAPI.csproj", "{412EA277-9258-4BF0-9425-940A60EFE78B}"
EndProject
Project("{9A19103F-16F7-4668-BE54-9A1E7A4F7556}") = "UW.Authentication", "UW.Authentication\UW.Authentication.csproj", "{60930397-F066-42B6-95F4-804A59FE7D23}"
EndProject
Project("{2150E333-8FDC-42A3-9474-1A3956D46DE8}") = "Authentication", "Authentication", "{2B4782AE-C218-41BC-B042-4935F57EDD7B}"
EndProject
Project("{2150E333-8FDC-42A3-9474-1A3956D46DE8}") = "Backend", "Backend", "{FF567E14-3A76-4424-B98E-15FA5CDA5010}"
EndProject
Project("{9A19103F-16F7-4668-BE54-9A1E7A4F7556}") = "UW.Authentication.Test", "UW.Authentication.Test\UW.Authentication.Test.csproj", "{908D4DED-2ED9-40A6-AD1A-2227CF01788D}"
EndProject
Project("{9A19103F-16F7-4668-BE54-9A1E7A4F7556}") = "UW.API.Test", "UW.API.Test\UW.API.Test.csproj", "{828C82C6-8164-4CDB-909E-475E747250E8}"
EndProject
Project("{9A19103F-16F7-4668-BE54-9A1E7A4F7556}") = "UW.BusinessLogic.Test", "UW.BusinessLogic.Test\UW.BusinessLogic.Test.csproj", "{ECE95CDF-B5A2-44CB-A3CA-D1058964055D}"
EndProject
Project("{00D1A9C2-B5F0-4AF3-8072-F6C62B433612}") = "UW.Database", "UW.Database\UW.Database.sqlproj", "{E926EC9A-F939-4A79-9B4F-7628C54433C4}"
EndProject
Global
	GlobalSection(SolutionConfigurationPlatforms) = preSolution
		Debug|Any CPU = Debug|Any CPU
		Release|Any CPU = Release|Any CPU
	EndGlobalSection
	GlobalSection(ProjectConfigurationPlatforms) = postSolution
		{FFE9E781-E792-46DC-9649-5D16008FB2A3}.Debug|Any CPU.ActiveCfg = Debug|Any CPU
		{FFE9E781-E792-46DC-9649-5D16008FB2A3}.Debug|Any CPU.Build.0 = Debug|Any CPU
		{FFE9E781-E792-46DC-9649-5D16008FB2A3}.Release|Any CPU.ActiveCfg = Release|Any CPU
		{FFE9E781-E792-46DC-9649-5D16008FB2A3}.Release|Any CPU.Build.0 = Release|Any CPU
		{A3AC5BBF-C5B8-4118-A8DA-5965351F311B}.Debug|Any CPU.ActiveCfg = Debug|Any CPU
		{A3AC5BBF-C5B8-4118-A8DA-5965351F311B}.Debug|Any CPU.Build.0 = Debug|Any CPU
		{A3AC5BBF-C5B8-4118-A8DA-5965351F311B}.Release|Any CPU.ActiveCfg = Release|Any CPU
		{A3AC5BBF-C5B8-4118-A8DA-5965351F311B}.Release|Any CPU.Build.0 = Release|Any CPU
		{ED78730C-58E4-44F8-8AE3-8B32B6E1413F}.Debug|Any CPU.ActiveCfg = Debug|Any CPU
		{ED78730C-58E4-44F8-8AE3-8B32B6E1413F}.Debug|Any CPU.Build.0 = Debug|Any CPU
		{ED78730C-58E4-44F8-8AE3-8B32B6E1413F}.Release|Any CPU.ActiveCfg = Release|Any CPU
		{ED78730C-58E4-44F8-8AE3-8B32B6E1413F}.Release|Any CPU.Build.0 = Release|Any CPU
		{7076FD3A-E76B-4141-9B8C-69C6EA09028B}.Debug|Any CPU.ActiveCfg = Debug|Any CPU
		{7076FD3A-E76B-4141-9B8C-69C6EA09028B}.Debug|Any CPU.Build.0 = Debug|Any CPU
		{7076FD3A-E76B-4141-9B8C-69C6EA09028B}.Release|Any CPU.ActiveCfg = Release|Any CPU
		{7076FD3A-E76B-4141-9B8C-69C6EA09028B}.Release|Any CPU.Build.0 = Release|Any CPU
		{412EA277-9258-4BF0-9425-940A60EFE78B}.Debug|Any CPU.ActiveCfg = Debug|Any CPU
		{412EA277-9258-4BF0-9425-940A60EFE78B}.Debug|Any CPU.Build.0 = Debug|Any CPU
		{412EA277-9258-4BF0-9425-940A60EFE78B}.Release|Any CPU.ActiveCfg = Release|Any CPU
		{412EA277-9258-4BF0-9425-940A60EFE78B}.Release|Any CPU.Build.0 = Release|Any CPU
		{60930397-F066-42B6-95F4-804A59FE7D23}.Debug|Any CPU.ActiveCfg = Debug|Any CPU
		{60930397-F066-42B6-95F4-804A59FE7D23}.Debug|Any CPU.Build.0 = Debug|Any CPU
		{60930397-F066-42B6-95F4-804A59FE7D23}.Release|Any CPU.ActiveCfg = Release|Any CPU
		{60930397-F066-42B6-95F4-804A59FE7D23}.Release|Any CPU.Build.0 = Release|Any CPU
		{908D4DED-2ED9-40A6-AD1A-2227CF01788D}.Debug|Any CPU.ActiveCfg = Debug|Any CPU
		{908D4DED-2ED9-40A6-AD1A-2227CF01788D}.Debug|Any CPU.Build.0 = Debug|Any CPU
		{908D4DED-2ED9-40A6-AD1A-2227CF01788D}.Release|Any CPU.ActiveCfg = Release|Any CPU
		{908D4DED-2ED9-40A6-AD1A-2227CF01788D}.Release|Any CPU.Build.0 = Release|Any CPU
		{828C82C6-8164-4CDB-909E-475E747250E8}.Debug|Any CPU.ActiveCfg = Debug|Any CPU
		{828C82C6-8164-4CDB-909E-475E747250E8}.Debug|Any CPU.Build.0 = Debug|Any CPU
		{828C82C6-8164-4CDB-909E-475E747250E8}.Release|Any CPU.ActiveCfg = Release|Any CPU
		{828C82C6-8164-4CDB-909E-475E747250E8}.Release|Any CPU.Build.0 = Release|Any CPU
		{ECE95CDF-B5A2-44CB-A3CA-D1058964055D}.Debug|Any CPU.ActiveCfg = Debug|Any CPU
		{ECE95CDF-B5A2-44CB-A3CA-D1058964055D}.Debug|Any CPU.Build.0 = Debug|Any CPU
		{ECE95CDF-B5A2-44CB-A3CA-D1058964055D}.Release|Any CPU.ActiveCfg = Release|Any CPU
		{ECE95CDF-B5A2-44CB-A3CA-D1058964055D}.Release|Any CPU.Build.0 = Release|Any CPU
		{E926EC9A-F939-4A79-9B4F-7628C54433C4}.Debug|Any CPU.ActiveCfg = Debug|Any CPU
		{E926EC9A-F939-4A79-9B4F-7628C54433C4}.Release|Any CPU.ActiveCfg = Release|Any CPU
		{E926EC9A-F939-4A79-9B4F-7628C54433C4}.Release|Any CPU.Build.0 = Release|Any CPU
		{E926EC9A-F939-4A79-9B4F-7628C54433C4}.Release|Any CPU.Deploy.0 = Release|Any CPU
	EndGlobalSection
	GlobalSection(SolutionProperties) = preSolution
		HideSolutionNode = FALSE
	EndGlobalSection
	GlobalSection(NestedProjects) = preSolution
		{A3AC5BBF-C5B8-4118-A8DA-5965351F311B} = {FF567E14-3A76-4424-B98E-15FA5CDA5010}
		{ED78730C-58E4-44F8-8AE3-8B32B6E1413F} = {FF567E14-3A76-4424-B98E-15FA5CDA5010}
		{7076FD3A-E76B-4141-9B8C-69C6EA09028B} = {FF567E14-3A76-4424-B98E-15FA5CDA5010}
		{412EA277-9258-4BF0-9425-940A60EFE78B} = {2B4782AE-C218-41BC-B042-4935F57EDD7B}
		{60930397-F066-42B6-95F4-804A59FE7D23} = {2B4782AE-C218-41BC-B042-4935F57EDD7B}
		{908D4DED-2ED9-40A6-AD1A-2227CF01788D} = {2B4782AE-C218-41BC-B042-4935F57EDD7B}
		{828C82C6-8164-4CDB-909E-475E747250E8} = {FF567E14-3A76-4424-B98E-15FA5CDA5010}
		{ECE95CDF-B5A2-44CB-A3CA-D1058964055D} = {FF567E14-3A76-4424-B98E-15FA5CDA5010}
		{E926EC9A-F939-4A79-9B4F-7628C54433C4} = {FF567E14-3A76-4424-B98E-15FA5CDA5010}
	EndGlobalSection
	GlobalSection(ExtensibilityGlobals) = postSolution
		SolutionGuid = {BB63834B-553B-4F18-9D17-4D1881748122}
	EndGlobalSection
EndGlobal
